{
    "name": "ReadFile",
    "lockfileVersion": 2,
    "requires": true,
    "packages": {
        "": {
            "dependencies": {
                "fp-ts": "^2.16.1",
                "fs": "^0.0.1-security",
                "io-ts": "^2.2.20"
            },
            "devDependencies": {
                "@types/node": "^20.6.3"
            }
        },
        "node_modules/@types/node": {
            "version": "20.8.10",
            "resolved": "https://registry.npmjs.org/@types/node/-/node-20.8.10.tgz",
            "integrity": "sha512-TlgT8JntpcbmKUFzjhsyhGfP2fsiz1Mv56im6enJ905xG1DAYesxJaeSbGqQmAw8OWPdhyJGhGSQGKRNJ45u9w==",
            "dev": true,
            "dependencies": {
                "undici-types": "~5.26.4"
            }
        },
        "node_modules/fp-ts": {
            "version": "2.16.1",
            "resolved": "https://registry.npmjs.org/fp-ts/-/fp-ts-2.16.1.tgz",
            "integrity": "sha512-by7U5W8dkIzcvDofUcO42yl9JbnHTEDBrzu3pt5fKT+Z4Oy85I21K80EYJYdjQGC2qum4Vo55Ag57iiIK4FYuA=="
        },
        "node_modules/fs": {
            "version": "0.0.1-security",
            "resolved": "https://registry.npmjs.org/fs/-/fs-0.0.1-security.tgz",
            "integrity": "sha512-3XY9e1pP0CVEUCdj5BmfIZxRBTSDycnbqhIOGec9QYtmVH2fbLpj86CFWkrNOkt/Fvty4KZG5lTglL9j/gJ87w=="
        },
        "node_modules/io-ts": {
            "version": "2.2.20",
            "resolved": "https://registry.npmjs.org/io-ts/-/io-ts-2.2.20.tgz",
            "integrity": "sha512-Rq2BsYmtwS5vVttie4rqrOCIfHCS9TgpRLFpKQCM1wZBBRY9nWVGmEvm2FnDbSE2un1UE39DvFpTR5UL47YDcA==",
            "peerDependencies": {
                "fp-ts": "^2.5.0"
            }
        },
        "node_modules/undici-types": {
            "version": "5.26.5",
            "resolved": "https://registry.npmjs.org/undici-types/-/undici-types-5.26.5.tgz",
            "integrity": "sha512-JlCMO+ehdEIKqlFxk6IfVoAUVmgz7cU7zD/h9XZ0qzeosSHmUJVOzSQvvYSYWXkFXC+IfLKSIffhv0sVZup6pA==",
            "dev": true
        }
    },
    "dependencies": {
        "@types/node": {
            "version": "20.8.10",
            "resolved": "https://registry.npmjs.org/@types/node/-/node-20.8.10.tgz",
            "integrity": "sha512-TlgT8JntpcbmKUFzjhsyhGfP2fsiz1Mv56im6enJ905xG1DAYesxJaeSbGqQmAw8OWPdhyJGhGSQGKRNJ45u9w==",
            "dev": true,
            "requires": {
                "undici-types": "~5.26.4"
            }
        },
        "fp-ts": {
            "version": "2.16.1",
            "resolved": "https://registry.npmjs.org/fp-ts/-/fp-ts-2.16.1.tgz",
            "integrity": "sha512-by7U5W8dkIzcvDofUcO42yl9JbnHTEDBrzu3pt5fKT+Z4Oy85I21K80EYJYdjQGC2qum4Vo55Ag57iiIK4FYuA=="
        },
        "fs": {
            "version": "0.0.1-security",
            "resolved": "https://registry.npmjs.org/fs/-/fs-0.0.1-security.tgz",
            "integrity": "sha512-3XY9e1pP0CVEUCdj5BmfIZxRBTSDycnbqhIOGec9QYtmVH2fbLpj86CFWkrNOkt/Fvty4KZG5lTglL9j/gJ87w=="
        },
        "io-ts": {
            "version": "2.2.20",
            "resolved": "https://registry.npmjs.org/io-ts/-/io-ts-2.2.20.tgz",
            "integrity": "sha512-Rq2BsYmtwS5vVttie4rqrOCIfHCS9TgpRLFpKQCM1wZBBRY9nWVGmEvm2FnDbSE2un1UE39DvFpTR5UL47YDcA==",
            "requires": {}
        },
        "undici-types": {
            "version": "5.26.5",
            "resolved": "https://registry.npmjs.org/undici-types/-/undici-types-5.26.5.tgz",
            "integrity": "sha512-JlCMO+ehdEIKqlFxk6IfVoAUVmgz7cU7zD/h9XZ0qzeosSHmUJVOzSQvvYSYWXkFXC+IfLKSIffhv0sVZup6pA==",
            "dev": true
        }
    }
}
